{
  "version": 4,
  "terraform_version": "1.9.6",
  "serial": 2,
  "lineage": "5cd61f2c-c305-d4a6-ae5d-ebb0770024d4",
  "outputs": {},
  "resources": [
    {
      "module": "module.s3_bucket",
      "mode": "managed",
      "type": "aws_s3_bucket",
      "name": "this",
      "provider": "provider[\"registry.terraform.io/hashicorp/aws\"]",
      "instances": [
        {
          "status": "tainted",
          "schema_version": 0,
          "attributes": {
            "acceleration_status": null,
            "acl": null,
            "arn": "arn:aws:s3:::mi-app-dev-2026-08-12",
            "bucket": "mi-app-dev-2026-08-12",
            "bucket_domain_name": "mi-app-dev-2026-08-12.s3.amazonaws.com",
            "bucket_prefix": "",
            "bucket_regional_domain_name": null,
            "cors_rule": null,
            "force_destroy": false,
            "grant": [],
            "hosted_zone_id": null,
            "id": "mi-app-dev-2026-08-12",
            "lifecycle_rule": null,
            "logging": null,
            "object_lock_configuration": null,
            "object_lock_enabled": null,
            "policy": null,
            "region": null,
            "replication_configuration": null,
            "request_payer": null,
            "server_side_encryption_configuration": null,
            "tags": {
              "Environment": "Development",
              "ManagedBy": "Terraform",
              "Project": "MiApp",
              "Team": "DevOps"
            },
            "tags_all": {
              "Environment": "Development",
              "ManagedBy": "Terraform",
              "Project": "MiApp",
              "Team": "DevOps"
            },
            "timeouts": null,
            "versioning": null,
            "website": null,
            "website_domain": null,
            "website_endpoint": null
          },
          "sensitive_attributes": [],
          "private": "eyJlMmJmYjczMC1lY2FhLTExZTYtOGY4OC0zNDM2M2JjN2M0YzAiOnsiY3JlYXRlIjoxMjAwMDAwMDAwMDAwLCJkZWxldGUiOjM2MDAwMDAwMDAwMDAsInJlYWQiOjEyMDAwMDAwMDAwMDAsInVwZGF0ZSI6MTIwMDAwMDAwMDAwMH19"
        }
      ]
    }
  ],
  "check_results": [
    {
      "object_kind": "var",
      "config_addr": "module.s3_bucket.var.bucket_name",
      "status": "pass",
      "objects": [
        {
          "object_addr": "module.s3_bucket.var.bucket_name",
          "status": "pass"
        }
      ]
    },
    {
      "object_kind": "var",
      "config_addr": "module.s3_bucket.var.encryption_algorithm",
      "status": "pass",
      "objects": [
        {
          "object_addr": "module.s3_bucket.var.encryption_algorithm",
          "status": "pass"
        }
      ]
    }
  ]
}
