{
  "version": 4,
  "terraform_version": "1.9.6",
  "serial": 8,
  "lineage": "5cd61f2c-c305-d4a6-ae5d-ebb0770024d4",
  "outputs": {
    "s3_bucket_info": {
      "value": {
        "arn": "arn:aws:s3:::mi-app-dev-2026-08-12",
        "domain": "mi-app-dev-2026-08-12.s3.amazonaws.com",
        "name": "mi-app-dev-2026-08-12",
        "region": "us-east-1"
      },
      "type": [
        "object",
        {
          "arn": "string",
          "domain": "string",
          "name": "string",
          "region": "string"
        }
      ]
    }
  },
  "resources": [
    {
      "module": "module.s3_bucket",
      "mode": "managed",
      "type": "aws_s3_bucket",
      "name": "this",
      "provider": "provider[\"registry.terraform.io/hashicorp/aws\"]",
      "instances": [
        {
          "schema_version": 0,
          "attributes": {
            "acceleration_status": "",
            "acl": null,
            "arn": "arn:aws:s3:::mi-app-dev-2026-08-12",
            "bucket": "mi-app-dev-2026-08-12",
            "bucket_domain_name": "mi-app-dev-2026-08-12.s3.amazonaws.com",
            "bucket_prefix": "",
            "bucket_regional_domain_name": "mi-app-dev-2026-08-12.s3.us-east-1.amazonaws.com",
            "cors_rule": [],
            "force_destroy": false,
            "grant": [
              {
                "id": "1ace7a7709ad033487759df59c4a87bca0c1dbeea58444bd8f7ce1f6c6fb45bb",
                "permissions": [
                  "FULL_CONTROL"
                ],
                "type": "CanonicalUser",
                "uri": ""
              }
            ],
            "hosted_zone_id": "Z3AQBSTGFYJSTF",
            "id": "mi-app-dev-2026-08-12",
            "lifecycle_rule": [],
            "logging": [],
            "object_lock_configuration": [],
            "object_lock_enabled": false,
            "policy": "",
            "region": "us-east-1",
            "replication_configuration": [],
            "request_payer": "BucketOwner",
            "server_side_encryption_configuration": [
              {
                "rule": [
                  {
                    "apply_server_side_encryption_by_default": [
                      {
                        "kms_master_key_id": "",
                        "sse_algorithm": "AES256"
                      }
                    ],
                    "bucket_key_enabled": false
                  }
                ]
              }
            ],
            "tags": {
              "Environment": "Development",
              "ManagedBy": "Terraform",
              "Project": "MiApp",
              "Team": "DevOps"
            },
            "tags_all": {
              "Environment": "Development",
              "ManagedBy": "Terraform",
              "Project": "MiApp",
              "Team": "DevOps"
            },
            "timeouts": null,
            "versioning": [
              {
                "enabled": false,
                "mfa_delete": false
              }
            ],
            "website": [],
            "website_domain": null,
            "website_endpoint": null
          },
          "sensitive_attributes": [],
          "private": "eyJlMmJmYjczMC1lY2FhLTExZTYtOGY4OC0zNDM2M2JjN2M0YzAiOnsiY3JlYXRlIjoxMjAwMDAwMDAwMDAwLCJkZWxldGUiOjM2MDAwMDAwMDAwMDAsInJlYWQiOjEyMDAwMDAwMDAwMDAsInVwZGF0ZSI6MTIwMDAwMDAwMDAwMH19"
        }
      ]
    },
    {
      "module": "module.s3_bucket",
      "mode": "managed",
      "type": "aws_s3_bucket_public_access_block",
      "name": "this",
      "provider": "provider[\"registry.terraform.io/hashicorp/aws\"]",
      "instances": [
        {
          "schema_version": 0,
          "attributes": {
            "block_public_acls": true,
            "block_public_policy": true,
            "bucket": "mi-app-dev-2026-08-12",
            "id": "mi-app-dev-2026-08-12",
            "ignore_public_acls": true,
            "restrict_public_buckets": true
          },
          "sensitive_attributes": [],
          "private": "bnVsbA==",
          "dependencies": [
            "module.s3_bucket.aws_s3_bucket.this"
          ]
        }
      ]
    },
    {
      "module": "module.s3_bucket",
      "mode": "managed",
      "type": "aws_s3_bucket_server_side_encryption_configuration",
      "name": "this",
      "provider": "provider[\"registry.terraform.io/hashicorp/aws\"]",
      "instances": [
        {
          "schema_version": 0,
          "attributes": {
            "bucket": "mi-app-dev-2026-08-12",
            "expected_bucket_owner": "",
            "id": "mi-app-dev-2026-08-12",
            "rule": [
              {
                "apply_server_side_encryption_by_default": [
                  {
                    "kms_master_key_id": "",
                    "sse_algorithm": "AES256"
                  }
                ],
                "bucket_key_enabled": null
              }
            ]
          },
          "sensitive_attributes": [],
          "private": "bnVsbA==",
          "dependencies": [
            "module.s3_bucket.aws_s3_bucket.this"
          ]
        }
      ]
    },
    {
      "module": "module.s3_bucket",
      "mode": "managed",
      "type": "aws_s3_bucket_versioning",
      "name": "this",
      "provider": "provider[\"registry.terraform.io/hashicorp/aws\"]",
      "instances": [
        {
          "schema_version": 0,
          "attributes": {
            "bucket": "mi-app-dev-2026-08-12",
            "expected_bucket_owner": "",
            "id": "mi-app-dev-2026-08-12",
            "mfa": null,
            "versioning_configuration": [
              {
                "mfa_delete": "",
                "status": "Enabled"
              }
            ]
          },
          "sensitive_attributes": [],
          "private": "bnVsbA==",
          "dependencies": [
            "module.s3_bucket.aws_s3_bucket.this"
          ]
        }
      ]
    }
  ],
  "check_results": [
    {
      "object_kind": "var",
      "config_addr": "module.s3_bucket.var.encryption_algorithm",
      "status": "pass",
      "objects": [
        {
          "object_addr": "module.s3_bucket.var.encryption_algorithm",
          "status": "pass"
        }
      ]
    },
    {
      "object_kind": "var",
      "config_addr": "module.s3_bucket.var.bucket_name",
      "status": "pass",
      "objects": [
        {
          "object_addr": "module.s3_bucket.var.bucket_name",
          "status": "pass"
        }
      ]
    }
  ]
}
